
Microsoft Visual Studio Solution File, Format Version 12.00
# Visual Studio 15
VisualStudioVersion = 15.0.28307.1082
MinimumVisualStudioVersion = 10.0.40219.1
Project("{FAE04EC0-301F-11D3-BF4B-00C04F79EFBC}") = "SocialNetWorkClient", "SocialNetWorkClient\SocialNetWorkClient.csproj", "{C3AD70DA-73CC-43F3-97E7-4A67B405278E}"
EndProject
Global
	GlobalSection(SolutionConfigurationPlatforms) = preSolution
		Debug|Any CPU = Debug|Any CPU
		Release|Any CPU = Release|Any CPU
	EndGlobalSection
	GlobalSection(ProjectConfigurationPlatforms) = postSolution
		{C3AD70DA-73CC-43F3-97E7-4A67B405278E}.Debug|Any CPU.ActiveCfg = Debug|Any CPU
		{C3AD70DA-73CC-43F3-97E7-4A67B405278E}.Debug|Any CPU.Build.0 = Debug|Any CPU
		{C3AD70DA-73CC-43F3-97E7-4A67B405278E}.Release|Any CPU.ActiveCfg = Release|Any CPU
		{C3AD70DA-73CC-43F3-97E7-4A67B405278E}.Release|Any CPU.Build.0 = Release|Any CPU
	EndGlobalSection
	GlobalSection(SolutionProperties) = preSolution
		HideSolutionNode = FALSE
	EndGlobalSection
	GlobalSection(ExtensibilityGlobals) = postSolution
		SolutionGuid = {999E651E-6D25-47A5-A8E1-F32A1E6D8690}
	EndGlobalSection
EndGlobal
